
Microsoft Visual Studio Solution File, Format Version 12.00
# Visual Studio 2013
VisualStudioVersion = 12.0.31101.0
MinimumVisualStudioVersion = 10.0.40219.1
Project("{FAE04EC0-301F-11D3-BF4B-00C04F79EFBC}") = "NetTelegramBotApi", "NetTelegramBotApi\NetTelegramBotApi.csproj", "{3B66BBB7-AB8D-49EE-8A62-2B216BC09F21}"
EndProject
Project("{FAE04EC0-301F-11D3-BF4B-00C04F79EFBC}") = "TelegramBotDemo", "TelegramBotDemo\TelegramBotDemo.csproj", "{E0CDD1D2-E50E-4CD8-97F4-C1AE44DE7E43}"
EndProject
Project("{2150E333-8FDC-42A3-9474-1A3956D46DE8}") = "Solution Items", "Solution Items", "{ABC2A4CB-9443-434E-B2EA-E739D288F330}"
	ProjectSection(SolutionItems) = preProject
		create-package.cmd = create-package.cmd
		README.md = README.md
	EndProjectSection
EndProject
Global
	GlobalSection(SolutionConfigurationPlatforms) = preSolution
		Debug|Any CPU = Debug|Any CPU
		Release|Any CPU = Release|Any CPU
	EndGlobalSection
	GlobalSection(ProjectConfigurationPlatforms) = postSolution
		{3B66BBB7-AB8D-49EE-8A62-2B216BC09F21}.Debug|Any CPU.ActiveCfg = Debug|Any CPU
		{3B66BBB7-AB8D-49EE-8A62-2B216BC09F21}.Debug|Any CPU.Build.0 = Debug|Any CPU
		{3B66BBB7-AB8D-49EE-8A62-2B216BC09F21}.Release|Any CPU.ActiveCfg = Release|Any CPU
		{3B66BBB7-AB8D-49EE-8A62-2B216BC09F21}.Release|Any CPU.Build.0 = Release|Any CPU
		{E0CDD1D2-E50E-4CD8-97F4-C1AE44DE7E43}.Debug|Any CPU.ActiveCfg = Debug|Any CPU
		{E0CDD1D2-E50E-4CD8-97F4-C1AE44DE7E43}.Debug|Any CPU.Build.0 = Debug|Any CPU
		{E0CDD1D2-E50E-4CD8-97F4-C1AE44DE7E43}.Release|Any CPU.ActiveCfg = Release|Any CPU
		{E0CDD1D2-E50E-4CD8-97F4-C1AE44DE7E43}.Release|Any CPU.Build.0 = Release|Any CPU
	EndGlobalSection
	GlobalSection(SolutionProperties) = preSolution
		HideSolutionNode = FALSE
	EndGlobalSection
EndGlobal
